
Microsoft Visual Studio Solution File, Format Version 12.00
# Visual Studio Version 16
VisualStudioVersion = 16.0.28803.452
MinimumVisualStudioVersion = 10.0.40219.1
Project("{9A19103F-16F7-4668-BE54-9A1E7A4F7556}") = "Logger", "Logger\Logger.csproj", "{C668909C-EEC5-4DFB-9297-8F3908FAF00F}"
EndProject
Project("{9A19103F-16F7-4668-BE54-9A1E7A4F7556}") = "BusinessLogic", "BusinessLogic\BusinessLogic.csproj", "{0FBF5338-B58C-4035-9635-060E342BDF75}"
EndProject
Project("{9A19103F-16F7-4668-BE54-9A1E7A4F7556}") = "DataAccess", "DataAccess\DataAccess.csproj", "{63A408F3-6FAD-4738-80D0-31065A495982}"
EndProject
Project("{9A19103F-16F7-4668-BE54-9A1E7A4F7556}") = "Website", "Website\Website.csproj", "{348B3875-BA37-4D00-8466-4A1C20B0BC71}"
EndProject
Global
	GlobalSection(SolutionConfigurationPlatforms) = preSolution
		Debug|Any CPU = Debug|Any CPU
		Release|Any CPU = Release|Any CPU
	EndGlobalSection
	GlobalSection(ProjectConfigurationPlatforms) = postSolution
		{C668909C-EEC5-4DFB-9297-8F3908FAF00F}.Debug|Any CPU.ActiveCfg = Debug|Any CPU
		{C668909C-EEC5-4DFB-9297-8F3908FAF00F}.Debug|Any CPU.Build.0 = Debug|Any CPU
		{C668909C-EEC5-4DFB-9297-8F3908FAF00F}.Release|Any CPU.ActiveCfg = Release|Any CPU
		{C668909C-EEC5-4DFB-9297-8F3908FAF00F}.Release|Any CPU.Build.0 = Release|Any CPU
		{0FBF5338-B58C-4035-9635-060E342BDF75}.Debug|Any CPU.ActiveCfg = Debug|Any CPU
		{0FBF5338-B58C-4035-9635-060E342BDF75}.Debug|Any CPU.Build.0 = Debug|Any CPU
		{0FBF5338-B58C-4035-9635-060E342BDF75}.Release|Any CPU.ActiveCfg = Release|Any CPU
		{0FBF5338-B58C-4035-9635-060E342BDF75}.Release|Any CPU.Build.0 = Release|Any CPU
		{63A408F3-6FAD-4738-80D0-31065A495982}.Debug|Any CPU.ActiveCfg = Debug|Any CPU
		{63A408F3-6FAD-4738-80D0-31065A495982}.Debug|Any CPU.Build.0 = Debug|Any CPU
		{63A408F3-6FAD-4738-80D0-31065A495982}.Release|Any CPU.ActiveCfg = Release|Any CPU
		{63A408F3-6FAD-4738-80D0-31065A495982}.Release|Any CPU.Build.0 = Release|Any CPU
		{348B3875-BA37-4D00-8466-4A1C20B0BC71}.Debug|Any CPU.ActiveCfg = Debug|Any CPU
		{348B3875-BA37-4D00-8466-4A1C20B0BC71}.Debug|Any CPU.Build.0 = Debug|Any CPU
		{348B3875-BA37-4D00-8466-4A1C20B0BC71}.Release|Any CPU.ActiveCfg = Release|Any CPU
		{348B3875-BA37-4D00-8466-4A1C20B0BC71}.Release|Any CPU.Build.0 = Release|Any CPU
	EndGlobalSection
	GlobalSection(SolutionProperties) = preSolution
		HideSolutionNode = FALSE
	EndGlobalSection
	GlobalSection(ExtensibilityGlobals) = postSolution
		SolutionGuid = {DE45CE59-8BC9-4BE8-9745-484EB2639666}
	EndGlobalSection
EndGlobal
